// !$*UTF8*$!
{
	archiveVersion = 1;
	classes = {
	};
	objectVersion = 50;
	objects = {

/* Begin PBXBuildFile section */
		AFBB38DB231941EB000FC315 /* AppDelegate.swift in Sources */ = {isa = PBXBuildFile; fileRef = AFBB38DA231941EB000FC315 /* AppDelegate.swift */; };
		AFBB38DD231941EB000FC315 /* SceneDelegate.swift in Sources */ = {isa = PBXBuildFile; fileRef = AFBB38DC231941EB000FC315 /* SceneDelegate.swift */; };
		AFBB38DF231941EB000FC315 /* ViewController.swift in Sources */ = {isa = PBXBuildFile; fileRef = AFBB38DE231941EB000FC315 /* ViewController.swift */; };
		AFBB38E2231941EB000FC315 /* Main.storyboard in Resources */ = {isa = PBXBuildFile; fileRef = AFBB38E0231941EB000FC315 /* Main.storyboard */; };
		AFBB38E4231941EC000FC315 /* Assets.xcassets in Resources */ = {isa = PBXBuildFile; fileRef = AFBB38E3231941EC000FC315 /* Assets.xcassets */; };
		AFBB38E7231941EC000FC315 /* LaunchScreen.storyboard in Resources */ = {isa = PBXBuildFile; fileRef = AFBB38E5231941EC000FC315 /* LaunchScreen.storyboard */; };
		AFBB38F123194275000FC315 /* RootTableViewController.swift in Sources */ = {isa = PBXBuildFile; fileRef = AFBB38F023194275000FC315 /* RootTableViewController.swift */; };
		AFBB38F323194C1D000FC315 /* Company.swift in Sources */ = {isa = PBXBuildFile; fileRef = AFBB38F223194C1D000FC315 /* Company.swift */; };
/* End PBXBuildFile section */

/* Begin PBXFileReference section */
		AFBB38D7231941EB000FC315 /* SplitView.app */ = {isa = PBXFileReference; explicitFileType = wrapper.application; includeInIndex = 0; path = SplitView.app; sourceTree = BUILT_PRODUCTS_DIR; };
		AFBB38DA231941EB000FC315 /* AppDelegate.swift */ = {isa = PBXFileReference; lastKnownFileType = sourcecode.swift; path = AppDelegate.swift; sourceTree = "<group>"; };
		AFBB38DC231941EB000FC315 /* SceneDelegate.swift */ = {isa = PBXFileReference; lastKnownFileType = sourcecode.swift; path = SceneDelegate.swift; sourceTree = "<group>"; };
		AFBB38DE231941EB000FC315 /* ViewController.swift */ = {isa = PBXFileReference; lastKnownFileType = sourcecode.swift; path = ViewController.swift; sourceTree = "<group>"; };
		AFBB38E1231941EB000FC315 /* Base */ = {isa = PBXFileReference; lastKnownFileType = file.storyboard; name = Base; path = Base.lproj/Main.storyboard; sourceTree = "<group>"; };
		AFBB38E3231941EC000FC315 /* Assets.xcassets */ = {isa = PBXFileReference; lastKnownFileType = folder.assetcatalog; path = Assets.xcassets; sourceTree = "<group>"; };
		AFBB38E6231941EC000FC315 /* Base */ = {isa = PBXFileReference; lastKnownFileType = file.storyboard; name = Base; path = Base.lproj/LaunchScreen.storyboard; sourceTree = "<group>"; };
		AFBB38E8231941EC000FC315 /* Info.plist */ = {isa = PBXFileReference; lastKnownFileType = text.plist.xml; path = Info.plist; sourceTree = "<group>"; };
		AFBB38F023194275000FC315 /* RootTableViewController.swift */ = {isa = PBXFileReference; lastKnownFileType = sourcecode.swift; path = RootTableViewController.swift; sourceTree = "<group>"; };
		AFBB38F223194C1D000FC315 /* Company.swift */ = {isa = PBXFileReference; lastKnownFileType = sourcecode.swift; path = Company.swift; sourceTree = "<group>"; };
/* End PBXFileReference section */

/* Begin PBXFrameworksBuildPhase section */
		AFBB38D4231941EB000FC315 /* Frameworks */ = {
			isa = PBXFrameworksBuildPhase;
			buildActionMask = 2147483647;
			files = (
			);
			runOnlyForDeploymentPostprocessing = 0;
		};
/* End PBXFrameworksBuildPhase section */

/* Begin PBXGroup section */
		AFBB38CE231941EB000FC315 = {
			isa = PBXGroup;
			children = (
				AFBB38D9231941EB000FC315 /* SplitView */,
				AFBB38D8231941EB000FC315 /* Products */,
			);
			sourceTree = "<group>";
		};
		AFBB38D8231941EB000FC315 /* Products */ = {
			isa = PBXGroup;
			children = (
				AFBB38D7231941EB000FC315 /* SplitView.app */,
			);
			name = Products;
			sourceTree = "<group>";
		};
		AFBB38D9231941EB000FC315 /* SplitView */ = {
			isa = PBXGroup;
			children = (
				AFBB38DA231941EB000FC315 /* AppDelegate.swift */,
				AFBB38DC231941EB000FC315 /* SceneDelegate.swift */,
				AFBB38DE231941EB000FC315 /* ViewController.swift */,
				AFBB38F023194275000FC315 /* RootTableViewController.swift */,
				AFBB38F223194C1D000FC315 /* Company.swift */,
				AFBB38E0231941EB000FC315 /* Main.storyboard */,
				AFBB38E3231941EC000FC315 /* Assets.xcassets */,
				AFBB38E5231941EC000FC315 /* LaunchScreen.storyboard */,
				AFBB38E8231941EC000FC315 /* Info.plist */,
			);
			path = SplitView;
			sourceTree = "<group>";
		};
/* End PBXGroup section */

/* Begin PBXNativeTarget section */
		AFBB38D6231941EB000FC315 /* SplitView */ = {
			isa = PBXNativeTarget;
			buildConfigurationList = AFBB38EB231941EC000FC315 /* Build configuration list for PBXNativeTarget "SplitView" */;
			buildPhases = (
				AFBB38D3231941EB000FC315 /* Sources */,
				AFBB38D4231941EB000FC315 /* Frameworks */,
				AFBB38D5231941EB000FC315 /* Resources */,
			);
			buildRules = (
			);
			dependencies = (
			);
			name = SplitView;
			productName = SplitView;
			productReference = AFBB38D7231941EB000FC315 /* SplitView.app */;
			productType = "com.apple.product-type.application";
		};
/* End PBXNativeTarget section */

/* Begin PBXProject section */
		AFBB38CF231941EB000FC315 /* Project object */ = {
			isa = PBXProject;
			attributes = {
				LastSwiftUpdateCheck = 1100;
				LastUpgradeCheck = 1100;
				ORGANIZATIONNAME = "Ufuk Köşker";
				TargetAttributes = {
					AFBB38D6231941EB000FC315 = {
						CreatedOnToolsVersion = 11.0;
					};
				};
			};
			buildConfigurationList = AFBB38D2231941EB000FC315 /* Build configuration list for PBXProject "SplitView" */;
			compatibilityVersion = "Xcode 9.3";
			developmentRegion = en;
			hasScannedForEncodings = 0;
			knownRegions = (
				en,
				Base,
			);
			mainGroup = AFBB38CE231941EB000FC315;
			productRefGroup = AFBB38D8231941EB000FC315 /* Products */;
			projectDirPath = "";
			projectRoot = "";
			targets = (
				AFBB38D6231941EB000FC315 /* SplitView */,
			);
		};
/* End PBXProject section */

/* Begin PBXResourcesBuildPhase section */
		AFBB38D5231941EB000FC315 /* Resources */ = {
			isa = PBXResourcesBuildPhase;
			buildActionMask = 2147483647;
			files = (
				AFBB38E7231941EC000FC315 /* LaunchScreen.storyboard in Resources */,
				AFBB38E4231941EC000FC315 /* Assets.xcassets in Resources */,
				AFBB38E2231941EB000FC315 /* Main.storyboard in Resources */,
			);
			runOnlyForDeploymentPostprocessing = 0;
		};
/* End PBXResourcesBuildPhase section */

/* Begin PBXSourcesBuildPhase section */
		AFBB38D3231941EB000FC315 /* Sources */ = {
			isa = PBXSourcesBuildPhase;
			buildActionMask = 2147483647;
			files = (
				AFBB38DF231941EB000FC315 /* ViewController.swift in Sources */,
				AFBB38DB231941EB000FC315 /* AppDelegate.swift in Sources */,
				AFBB38DD231941EB000FC315 /* SceneDelegate.swift in Sources */,
				AFBB38F323194C1D000FC315 /* Company.swift in Sources */,
				AFBB38F123194275000FC315 /* RootTableViewController.swift in Sources */,
			);
			runOnlyForDeploymentPostprocessing = 0;
		};
/* End PBXSourcesBuildPhase section */

/* Begin PBXVariantGroup section */
		AFBB38E0231941EB000FC315 /* Main.storyboard */ = {
			isa = PBXVariantGroup;
			children = (
				AFBB38E1231941EB000FC315 /* Base */,
			);
			name = Main.storyboard;
			sourceTree = "<group>";
		};
		AFBB38E5231941EC000FC315 /* LaunchScreen.storyboard */ = {
			isa = PBXVariantGroup;
			children = (
				AFBB38E6231941EC000FC315 /* Base */,
			);
			name = LaunchScreen.storyboard;
			sourceTree = "<group>";
		};
/* End PBXVariantGroup section */

/* Begin XCBuildConfiguration section */
		AFBB38E9231941EC000FC315 /* Debug */ = {
			isa = XCBuildConfiguration;
			buildSettings = {
				ALWAYS_SEARCH_USER_PATHS = NO;
				CLANG_ANALYZER_NONNULL = YES;
				CLANG_ANALYZER_NUMBER_OBJECT_CONVERSION = YES_AGGRESSIVE;
				CLANG_CXX_LANGUAGE_STANDARD = "gnu++14";
				CLANG_CXX_LIBRARY = "libc++";
				CLANG_ENABLE_MODULES = YES;
				CLANG_ENABLE_OBJC_ARC = YES;
				CLANG_ENABLE_OBJC_WEAK = YES;
				CLANG_WARN_BLOCK_CAPTURE_AUTORELEASING = YES;
				CLANG_WARN_BOOL_CONVERSION = YES;
				CLANG_WARN_COMMA = YES;
				CLANG_WARN_CONSTANT_CONVERSION = YES;
				CLANG_WARN_DEPRECATED_OBJC_IMPLEMENTATIONS = YES;
				CLANG_WARN_DIRECT_OBJC_ISA_USAGE = YES_ERROR;
				CLANG_WARN_DOCUMENTATION_COMMENTS = YES;
				CLANG_WARN_EMPTY_BODY = YES;
				CLANG_WARN_ENUM_CONVERSION = YES;
				CLANG_WARN_INFINITE_RECURSION = YES;
				CLANG_WARN_INT_CONVERSION = YES;
				CLANG_WARN_NON_LITERAL_NULL_CONVERSION = YES;
				CLANG_WARN_OBJC_IMPLICIT_RETAIN_SELF = YES;
				CLANG_WARN_OBJC_LITERAL_CONVERSION = YES;
				CLANG_WARN_OBJC_ROOT_CLASS = YES_ERROR;
				CLANG_WARN_RANGE_LOOP_ANALYSIS = YES;
				CLANG_WARN_STRICT_PROTOTYPES = YES;
				CLANG_WARN_SUSPICIOUS_MOVE = YES;
				CLANG_WARN_UNGUARDED_AVAILABILITY = YES_AGGRESSIVE;
				CLANG_WARN_UNREACHABLE_CODE = YES;
				CLANG_WARN__DUPLICATE_METHOD_MATCH = YES;
				COPY_PHASE_STRIP = NO;
				DEBUG_INFORMATION_FORMAT = dwarf;
				ENABLE_STRICT_OBJC_MSGSEND = YES;
				ENABLE_TESTABILITY = YES;
				GCC_C_LANGUAGE_STANDARD = gnu11;
				GCC_DYNAMIC_NO_PIC = NO;
				GCC_NO_COMMON_BLOCKS = YES;
				GCC_OPTIMIZATION_LEVEL = 0;
				GCC_PREPROCESSOR_DEFINITIONS = (
					"DEBUG=1",
					"$(inherited)",
				);
				GCC_WARN_64_TO_32_BIT_CONVERSION = YES;
				GCC_WARN_ABOUT_RETURN_TYPE = YES_ERROR;
				GCC_WARN_UNDECLARED_SELECTOR = YES;
				GCC_WARN_UNINITIALIZED_AUTOS = YES_AGGRESSIVE;
				GCC_WARN_UNUSED_FUNCTION = YES;
				GCC_WARN_UNUSED_VARIABLE = YES;
				IPHONEOS_DEPLOYMENT_TARGET = 13.0;
				MTL_ENABLE_DEBUG_INFO = INCLUDE_SOURCE;
				MTL_FAST_MATH = YES;
				ONLY_ACTIVE_ARCH = YES;
				SDKROOT = iphoneos;
				SWIFT_ACTIVE_COMPILATION_CONDITIONS = DEBUG;
				SWIFT_OPTIMIZATION_LEVEL = "-Onone";
			};
			name = Debug;
		};
		AFBB38EA231941EC000FC315 /* Release */ = {
			isa = XCBuildConfiguration;
			buildSettings = {
				ALWAYS_SEARCH_USER_PATHS = NO;
				CLANG_ANALYZER_NONNULL = YES;
				CLANG_ANALYZER_NUMBER_OBJECT_CONVERSION = YES_AGGRESSIVE;
				CLANG_CXX_LANGUAGE_STANDARD = "gnu++14";
				CLANG_CXX_LIBRARY = "libc++";
				CLANG_ENABLE_MODULES = YES;
				CLANG_ENABLE_OBJC_ARC = YES;
				CLANG_ENABLE_OBJC_WEAK = YES;
				CLANG_WARN_BLOCK_CAPTURE_AUTORELEASING = YES;
				CLANG_WARN_BOOL_CONVERSION = YES;
				CLANG_WARN_COMMA = YES;
				CLANG_WARN_CONSTANT_CONVERSION = YES;
				CLANG_WARN_DEPRECATED_OBJC_IMPLEMENTATIONS = YES;
				CLANG_WARN_DIRECT_OBJC_ISA_USAGE = YES_ERROR;
				CLANG_WARN_DOCUMENTATION_COMMENTS = YES;
				CLANG_WARN_EMPTY_BODY = YES;
				CLANG_WARN_ENUM_CONVERSION = YES;
				CLANG_WARN_INFINITE_RECURSION = YES;
				CLANG_WARN_INT_CONVERSION = YES;
				CLANG_WARN_NON_LITERAL_NULL_CONVERSION = YES;
				CLANG_WARN_OBJC_IMPLICIT_RETAIN_SELF = YES;
				CLANG_WARN_OBJC_LITERAL_CONVERSION = YES;
				CLANG_WARN_OBJC_ROOT_CLASS = YES_ERROR;
				CLANG_WARN_RANGE_LOOP_ANALYSIS = YES;
				CLANG_WARN_STRICT_PROTOTYPES = YES;
				CLANG_WARN_SUSPICIOUS_MOVE = YES;
				CLANG_WARN_UNGUARDED_AVAILABILITY = YES_AGGRESSIVE;
				CLANG_WARN_UNREACHABLE_CODE = YES;
				CLANG_WARN__DUPLICATE_METHOD_MATCH = YES;
				COPY_PHASE_STRIP = NO;
				DEBUG_INFORMATION_FORMAT = "dwarf-with-dsym";
				ENABLE_NS_ASSERTIONS = NO;
				ENABLE_STRICT_OBJC_MSGSEND = YES;
				GCC_C_LANGUAGE_STANDARD = gnu11;
				GCC_NO_COMMON_BLOCKS = YES;
				GCC_WARN_64_TO_32_BIT_CONVERSION = YES;
				GCC_WARN_ABOUT_RETURN_TYPE = YES_ERROR;
				GCC_WARN_UNDECLARED_SELECTOR = YES;
				GCC_WARN_UNINITIALIZED_AUTOS = YES_AGGRESSIVE;
				GCC_WARN_UNUSED_FUNCTION = YES;
				GCC_WARN_UNUSED_VARIABLE = YES;
				IPHONEOS_DEPLOYMENT_TARGET = 13.0;
				MTL_ENABLE_DEBUG_INFO = NO;
				MTL_FAST_MATH = YES;
				SDKROOT = iphoneos;
				SWIFT_COMPILATION_MODE = wholemodule;
				SWIFT_OPTIMIZATION_LEVEL = "-O";
				VALIDATE_PRODUCT = YES;
			};
			name = Release;
		};
		AFBB38EC231941EC000FC315 /* Debug */ = {
			isa = XCBuildConfiguration;
			buildSettings = {
				ASSETCATALOG_COMPILER_APPICON_NAME = AppIcon;
				CODE_SIGN_STYLE = Automatic;
				DEVELOPMENT_TEAM = 63Y74HYCKH;
				INFOPLIST_FILE = SplitView/Info.plist;
				LD_RUNPATH_SEARCH_PATHS = (
					"$(inherited)",
					"@executable_path/Frameworks",
				);
				PRODUCT_BUNDLE_IDENTIFIER = ufukkosker.SplitView;
				PRODUCT_NAME = "$(TARGET_NAME)";
				SWIFT_VERSION = 5.0;
				TARGETED_DEVICE_FAMILY = "1,2";
			};
			name = Debug;
		};
		AFBB38ED231941EC000FC315 /* Release */ = {
			isa = XCBuildConfiguration;
			buildSettings = {
				ASSETCATALOG_COMPILER_APPICON_NAME = AppIcon;
				CODE_SIGN_STYLE = Automatic;
				DEVELOPMENT_TEAM = 63Y74HYCKH;
				INFOPLIST_FILE = SplitView/Info.plist;
				LD_RUNPATH_SEARCH_PATHS = (
					"$(inherited)",
					"@executable_path/Frameworks",
				);
				PRODUCT_BUNDLE_IDENTIFIER = ufukkosker.SplitView;
				PRODUCT_NAME = "$(TARGET_NAME)";
				SWIFT_VERSION = 5.0;
				TARGETED_DEVICE_FAMILY = "1,2";
			};
			name = Release;
		};
/* End XCBuildConfiguration section */

/* Begin XCConfigurationList section */
		AFBB38D2231941EB000FC315 /* Build configuration list for PBXProject "SplitView" */ = {
			isa = XCConfigurationList;
			buildConfigurations = (
				AFBB38E9231941EC000FC315 /* Debug */,
				AFBB38EA231941EC000FC315 /* Release */,
			);
			defaultConfigurationIsVisible = 0;
			defaultConfigurationName = Release;
		};
		AFBB38EB231941EC000FC315 /* Build configuration list for PBXNativeTarget "SplitView" */ = {
			isa = XCConfigurationList;
			buildConfigurations = (
				AFBB38EC231941EC000FC315 /* Debug */,
				AFBB38ED231941EC000FC315 /* Release */,
			);
			defaultConfigurationIsVisible = 0;
			defaultConfigurationName = Release;
		};
/* End XCConfigurationList section */
	};
	rootObject = AFBB38CF231941EB000FC315 /* Project object */;
}
